
Microsoft Visual Studio Solution File, Format Version 12.00
# Visual Studio Version 17
VisualStudioVersion = 17.14.36623.8 d17.14
MinimumVisualStudioVersion = 10.0.40219.1
Project("{FAE04EC0-301F-11D3-BF4B-00C04F79EFBC}") = "Dashboards", "Dashboards\Dashboards.csproj", "{04A92CC7-C444-4BAF-8E8B-ACF86A347E92}"
EndProject
Project("{FAE04EC0-301F-11D3-BF4B-00C04F79EFBC}") = "Application", "Application\Application.csproj", "{F404CC18-DBC2-409B-8DDE-8852AC2120B7}"
EndProject
Project("{FAE04EC0-301F-11D3-BF4B-00C04F79EFBC}") = "Domain", "Domain\Domain.csproj", "{46CFDCE3-2CB5-4F00-B817-9B74FDE47054}"
EndProject
Project("{FAE04EC0-301F-11D3-BF4B-00C04F79EFBC}") = "Infrastructure", "Infrastructure\Infrastructure.csproj", "{9C7C920E-A1D3-4DA8-A6BD-1AE82138A3AA}"
EndProject
Global
	GlobalSection(SolutionConfigurationPlatforms) = preSolution
		Debug|Any CPU = Debug|Any CPU
		Release|Any CPU = Release|Any CPU
	EndGlobalSection
	GlobalSection(ProjectConfigurationPlatforms) = postSolution
		{04A92CC7-C444-4BAF-8E8B-ACF86A347E92}.Debug|Any CPU.ActiveCfg = Debug|Any CPU
		{04A92CC7-C444-4BAF-8E8B-ACF86A347E92}.Debug|Any CPU.Build.0 = Debug|Any CPU
		{04A92CC7-C444-4BAF-8E8B-ACF86A347E92}.Release|Any CPU.ActiveCfg = Release|Any CPU
		{04A92CC7-C444-4BAF-8E8B-ACF86A347E92}.Release|Any CPU.Build.0 = Release|Any CPU
		{F404CC18-DBC2-409B-8DDE-8852AC2120B7}.Debug|Any CPU.ActiveCfg = Debug|Any CPU
		{F404CC18-DBC2-409B-8DDE-8852AC2120B7}.Debug|Any CPU.Build.0 = Debug|Any CPU
		{F404CC18-DBC2-409B-8DDE-8852AC2120B7}.Release|Any CPU.ActiveCfg = Release|Any CPU
		{F404CC18-DBC2-409B-8DDE-8852AC2120B7}.Release|Any CPU.Build.0 = Release|Any CPU
		{46CFDCE3-2CB5-4F00-B817-9B74FDE47054}.Debug|Any CPU.ActiveCfg = Debug|Any CPU
		{46CFDCE3-2CB5-4F00-B817-9B74FDE47054}.Debug|Any CPU.Build.0 = Debug|Any CPU
		{46CFDCE3-2CB5-4F00-B817-9B74FDE47054}.Release|Any CPU.ActiveCfg = Release|Any CPU
		{46CFDCE3-2CB5-4F00-B817-9B74FDE47054}.Release|Any CPU.Build.0 = Release|Any CPU
		{9C7C920E-A1D3-4DA8-A6BD-1AE82138A3AA}.Debug|Any CPU.ActiveCfg = Debug|Any CPU
		{9C7C920E-A1D3-4DA8-A6BD-1AE82138A3AA}.Debug|Any CPU.Build.0 = Debug|Any CPU
		{9C7C920E-A1D3-4DA8-A6BD-1AE82138A3AA}.Release|Any CPU.ActiveCfg = Release|Any CPU
		{9C7C920E-A1D3-4DA8-A6BD-1AE82138A3AA}.Release|Any CPU.Build.0 = Release|Any CPU
	EndGlobalSection
	GlobalSection(SolutionProperties) = preSolution
		HideSolutionNode = FALSE
	EndGlobalSection
	GlobalSection(ExtensibilityGlobals) = postSolution
		SolutionGuid = {FAEC939C-D9CE-450D-BDFA-713069E1EF8B}
	EndGlobalSection
EndGlobal
